// !$*UTF8*$!
{
	archiveVersion = 1;
	classes = {
	};
	objectVersion = 51;
	objects = {

/* Begin PBXBuildFile section */
		BA2C323C279D6EF20049B676 /* MahamyModel.xcdatamodeld in Sources */ = {isa = PBXBuildFile; fileRef = BA2C323A279D6EF20049B676 /* MahamyModel.xcdatamodeld */; };
		BAB86FE8279F21DF00C2B1D0 /* MahamyStorage.swift in Sources */ = {isa = PBXBuildFile; fileRef = BAB86FE7279F21DF00C2B1D0 /* MahamyStorage.swift */; };
		BABE4F952791CA7A00987E23 /* AppDelegate.swift in Sources */ = {isa = PBXBuildFile; fileRef = BABE4F942791CA7A00987E23 /* AppDelegate.swift */; };
		BABE4F972791CA7A00987E23 /* SceneDelegate.swift in Sources */ = {isa = PBXBuildFile; fileRef = BABE4F962791CA7A00987E23 /* SceneDelegate.swift */; };
		BABE4F992791CA7A00987E23 /* HomeMahamyVC.swift in Sources */ = {isa = PBXBuildFile; fileRef = BABE4F982791CA7A00987E23 /* HomeMahamyVC.swift */; };
		BABE4F9C2791CA7A00987E23 /* Main.storyboard in Resources */ = {isa = PBXBuildFile; fileRef = BABE4F9A2791CA7A00987E23 /* Main.storyboard */; };
		BABE4F9E2791CA7B00987E23 /* Assets.xcassets in Resources */ = {isa = PBXBuildFile; fileRef = BABE4F9D2791CA7B00987E23 /* Assets.xcassets */; };
		BABE4FA12791CA7B00987E23 /* LaunchScreen.storyboard in Resources */ = {isa = PBXBuildFile; fileRef = BABE4F9F2791CA7B00987E23 /* LaunchScreen.storyboard */; };
		BABE4FAA2791CB7C00987E23 /* MahamyCell.swift in Sources */ = {isa = PBXBuildFile; fileRef = BABE4FA82791CB7C00987E23 /* MahamyCell.swift */; };
		BABE4FAB2791CB7C00987E23 /* MahamyCell.xib in Resources */ = {isa = PBXBuildFile; fileRef = BABE4FA92791CB7C00987E23 /* MahamyCell.xib */; };
		BABE4FAD2791E81100987E23 /* MahamyModel.swift in Sources */ = {isa = PBXBuildFile; fileRef = BABE4FAC2791E81100987E23 /* MahamyModel.swift */; };
		BABE4FB22791EEA600987E23 /* MahamyDetailsVC.swift in Sources */ = {isa = PBXBuildFile; fileRef = BABE4FB12791EEA600987E23 /* MahamyDetailsVC.swift */; };
		BABE4FB42792274C00987E23 /* NewMahamyVC.swift in Sources */ = {isa = PBXBuildFile; fileRef = BABE4FB32792274C00987E23 /* NewMahamyVC.swift */; };
/* End PBXBuildFile section */

/* Begin PBXFileReference section */
		61D95D10730D0C0FF87E6057 /* Pods-Mahamy|مهامي.release.xcconfig */ = {isa = PBXFileReference; includeInIndex = 1; lastKnownFileType = text.xcconfig; name = "Pods-Mahamy|مهامي.release.xcconfig"; path = "Target Support Files/Pods-Mahamy|مهامي/Pods-Mahamy|مهامي.release.xcconfig"; sourceTree = "<group>"; };
		AC6A5BF218D470AB7E681029 /* Pods-Mahamy|مهامي.debug.xcconfig */ = {isa = PBXFileReference; includeInIndex = 1; lastKnownFileType = text.xcconfig; name = "Pods-Mahamy|مهامي.debug.xcconfig"; path = "Target Support Files/Pods-Mahamy|مهامي/Pods-Mahamy|مهامي.debug.xcconfig"; sourceTree = "<group>"; };
		BA2C323B279D6EF20049B676 /* MahamyModel.xcdatamodel */ = {isa = PBXFileReference; lastKnownFileType = wrapper.xcdatamodel; path = MahamyModel.xcdatamodel; sourceTree = "<group>"; };
		BAB86FE7279F21DF00C2B1D0 /* MahamyStorage.swift */ = {isa = PBXFileReference; lastKnownFileType = sourcecode.swift; path = MahamyStorage.swift; sourceTree = "<group>"; };
		BABE4F912791CA7A00987E23 /* Mahamy|مهامي.app */ = {isa = PBXFileReference; explicitFileType = wrapper.application; includeInIndex = 0; path = "Mahamy|مهامي.app"; sourceTree = BUILT_PRODUCTS_DIR; };
		BABE4F942791CA7A00987E23 /* AppDelegate.swift */ = {isa = PBXFileReference; lastKnownFileType = sourcecode.swift; path = AppDelegate.swift; sourceTree = "<group>"; };
		BABE4F962791CA7A00987E23 /* SceneDelegate.swift */ = {isa = PBXFileReference; lastKnownFileType = sourcecode.swift; path = SceneDelegate.swift; sourceTree = "<group>"; };
		BABE4F982791CA7A00987E23 /* HomeMahamyVC.swift */ = {isa = PBXFileReference; lastKnownFileType = sourcecode.swift; path = HomeMahamyVC.swift; sourceTree = "<group>"; };
		BABE4F9B2791CA7A00987E23 /* Base */ = {isa = PBXFileReference; lastKnownFileType = file.storyboard; name = Base; path = Base.lproj/Main.storyboard; sourceTree = "<group>"; };
		BABE4F9D2791CA7B00987E23 /* Assets.xcassets */ = {isa = PBXFileReference; lastKnownFileType = folder.assetcatalog; path = Assets.xcassets; sourceTree = "<group>"; };
		BABE4FA02791CA7B00987E23 /* Base */ = {isa = PBXFileReference; lastKnownFileType = file.storyboard; name = Base; path = Base.lproj/LaunchScreen.storyboard; sourceTree = "<group>"; };
		BABE4FA22791CA7B00987E23 /* Info.plist */ = {isa = PBXFileReference; lastKnownFileType = text.plist.xml; path = Info.plist; sourceTree = "<group>"; };
		BABE4FA82791CB7C00987E23 /* MahamyCell.swift */ = {isa = PBXFileReference; lastKnownFileType = sourcecode.swift; path = MahamyCell.swift; sourceTree = "<group>"; };
		BABE4FA92791CB7C00987E23 /* MahamyCell.xib */ = {isa = PBXFileReference; lastKnownFileType = file.xib; path = MahamyCell.xib; sourceTree = "<group>"; };
		BABE4FAC2791E81100987E23 /* MahamyModel.swift */ = {isa = PBXFileReference; lastKnownFileType = sourcecode.swift; path = MahamyModel.swift; sourceTree = "<group>"; };
		BABE4FB12791EEA600987E23 /* MahamyDetailsVC.swift */ = {isa = PBXFileReference; lastKnownFileType = sourcecode.swift; path = MahamyDetailsVC.swift; sourceTree = "<group>"; };
		BABE4FB32792274C00987E23 /* NewMahamyVC.swift */ = {isa = PBXFileReference; lastKnownFileType = sourcecode.swift; path = NewMahamyVC.swift; sourceTree = "<group>"; };
/* End PBXFileReference section */

/* Begin PBXFrameworksBuildPhase section */
		BABE4F8E2791CA7A00987E23 /* Frameworks */ = {
			isa = PBXFrameworksBuildPhase;
			buildActionMask = 2147483647;
			files = (
			);
			runOnlyForDeploymentPostprocessing = 0;
		};
/* End PBXFrameworksBuildPhase section */

/* Begin PBXGroup section */
		6E056578E9E35AAA2C845B13 /* Frameworks */ = {
			isa = PBXGroup;
			children = (
			);
			name = Frameworks;
			sourceTree = "<group>";
		};
		B93C554D410BA675C27521B5 /* Pods */ = {
			isa = PBXGroup;
			children = (
				AC6A5BF218D470AB7E681029 /* Pods-Mahamy|مهامي.debug.xcconfig */,
				61D95D10730D0C0FF87E6057 /* Pods-Mahamy|مهامي.release.xcconfig */,
			);
			path = Pods;
			sourceTree = "<group>";
		};
		BAB86FE5279F217900C2B1D0 /* SupportFiles */ = {
			isa = PBXGroup;
			children = (
				BABE4F942791CA7A00987E23 /* AppDelegate.swift */,
				BABE4F962791CA7A00987E23 /* SceneDelegate.swift */,
				BABE4F9D2791CA7B00987E23 /* Assets.xcassets */,
			);
			path = SupportFiles;
			sourceTree = "<group>";
		};
		BAB86FE6279F21A600C2B1D0 /* Storage */ = {
			isa = PBXGroup;
			children = (
				BAB86FE7279F21DF00C2B1D0 /* MahamyStorage.swift */,
			);
			path = Storage;
			sourceTree = "<group>";
		};
		BABE4F882791CA7A00987E23 = {
			isa = PBXGroup;
			children = (
				BABE4F932791CA7A00987E23 /* Mahamy|مهامي */,
				BABE4F922791CA7A00987E23 /* Products */,
				B93C554D410BA675C27521B5 /* Pods */,
				6E056578E9E35AAA2C845B13 /* Frameworks */,
			);
			sourceTree = "<group>";
		};
		BABE4F922791CA7A00987E23 /* Products */ = {
			isa = PBXGroup;
			children = (
				BABE4F912791CA7A00987E23 /* Mahamy|مهامي.app */,
			);
			name = Products;
			sourceTree = "<group>";
		};
		BABE4F932791CA7A00987E23 /* Mahamy|مهامي */ = {
			isa = PBXGroup;
			children = (
				BAB86FE5279F217900C2B1D0 /* SupportFiles */,
				BAB86FE6279F21A600C2B1D0 /* Storage */,
				BABE4FB02791E84E00987E23 /* Model */,
				BABE4FAF2791E82700987E23 /* View */,
				BABE4FAE2791E81700987E23 /* Controller */,
				BABE4FA22791CA7B00987E23 /* Info.plist */,
			);
			path = "Mahamy|مهامي";
			sourceTree = "<group>";
		};
		BABE4FAE2791E81700987E23 /* Controller */ = {
			isa = PBXGroup;
			children = (
				BABE4FB32792274C00987E23 /* NewMahamyVC.swift */,
				BABE4F982791CA7A00987E23 /* HomeMahamyVC.swift */,
				BABE4FB12791EEA600987E23 /* MahamyDetailsVC.swift */,
			);
			path = Controller;
			sourceTree = "<group>";
		};
		BABE4FAF2791E82700987E23 /* View */ = {
			isa = PBXGroup;
			children = (
				BABE4F9F2791CA7B00987E23 /* LaunchScreen.storyboard */,
				BABE4F9A2791CA7A00987E23 /* Main.storyboard */,
				BABE4FA82791CB7C00987E23 /* MahamyCell.swift */,
				BABE4FA92791CB7C00987E23 /* MahamyCell.xib */,
			);
			path = View;
			sourceTree = "<group>";
		};
		BABE4FB02791E84E00987E23 /* Model */ = {
			isa = PBXGroup;
			children = (
				BA2C323A279D6EF20049B676 /* MahamyModel.xcdatamodeld */,
				BABE4FAC2791E81100987E23 /* MahamyModel.swift */,
			);
			path = Model;
			sourceTree = "<group>";
		};
/* End PBXGroup section */

/* Begin PBXNativeTarget section */
		BABE4F902791CA7A00987E23 /* Mahamy|مهامي */ = {
			isa = PBXNativeTarget;
			buildConfigurationList = BABE4FA52791CA7B00987E23 /* Build configuration list for PBXNativeTarget "Mahamy|مهامي" */;
			buildPhases = (
				37A5A983E073E1A4189F1C67 /* [CP] Check Pods Manifest.lock */,
				BABE4F8D2791CA7A00987E23 /* Sources */,
				BABE4F8E2791CA7A00987E23 /* Frameworks */,
				BABE4F8F2791CA7A00987E23 /* Resources */,
				93CEC636AAB9917C8ED07262 /* [CP] Embed Pods Frameworks */,
			);
			buildRules = (
			);
			dependencies = (
			);
			name = "Mahamy|مهامي";
			productName = "Mahamy|مهامي";
			productReference = BABE4F912791CA7A00987E23 /* Mahamy|مهامي.app */;
			productType = "com.apple.product-type.application";
		};
/* End PBXNativeTarget section */

/* Begin PBXProject section */
		BABE4F892791CA7A00987E23 /* Project object */ = {
			isa = PBXProject;
			attributes = {
				LastSwiftUpdateCheck = 1130;
				LastUpgradeCheck = 1130;
				ORGANIZATIONNAME = Develop;
				TargetAttributes = {
					BABE4F902791CA7A00987E23 = {
						CreatedOnToolsVersion = 11.3.1;
					};
				};
			};
			buildConfigurationList = BABE4F8C2791CA7A00987E23 /* Build configuration list for PBXProject "Mahamy|مهامي" */;
			compatibilityVersion = "Xcode 9.3";
			developmentRegion = en;
			hasScannedForEncodings = 0;
			knownRegions = (
				en,
				Base,
			);
			mainGroup = BABE4F882791CA7A00987E23;
			productRefGroup = BABE4F922791CA7A00987E23 /* Products */;
			projectDirPath = "";
			projectRoot = "";
			targets = (
				BABE4F902791CA7A00987E23 /* Mahamy|مهامي */,
			);
		};
/* End PBXProject section */

/* Begin PBXResourcesBuildPhase section */
		BABE4F8F2791CA7A00987E23 /* Resources */ = {
			isa = PBXResourcesBuildPhase;
			buildActionMask = 2147483647;
			files = (
				BABE4FAB2791CB7C00987E23 /* MahamyCell.xib in Resources */,
				BABE4FA12791CA7B00987E23 /* LaunchScreen.storyboard in Resources */,
				BABE4F9E2791CA7B00987E23 /* Assets.xcassets in Resources */,
				BABE4F9C2791CA7A00987E23 /* Main.storyboard in Resources */,
			);
			runOnlyForDeploymentPostprocessing = 0;
		};
/* End PBXResourcesBuildPhase section */

/* Begin PBXShellScriptBuildPhase section */
		37A5A983E073E1A4189F1C67 /* [CP] Check Pods Manifest.lock */ = {
			isa = PBXShellScriptBuildPhase;
			buildActionMask = 2147483647;
			files = (
			);
			inputFileListPaths = (
			);
			inputPaths = (
				"${PODS_PODFILE_DIR_PATH}/Podfile.lock",
				"${PODS_ROOT}/Manifest.lock",
			);
			name = "[CP] Check Pods Manifest.lock";
			outputFileListPaths = (
			);
			outputPaths = (
				"$(DERIVED_FILE_DIR)/Pods-Mahamy|مهامي-checkManifestLockResult.txt",
			);
			runOnlyForDeploymentPostprocessing = 0;
			shellPath = /bin/sh;
			shellScript = "diff \"${PODS_PODFILE_DIR_PATH}/Podfile.lock\" \"${PODS_ROOT}/Manifest.lock\" > /dev/null\nif [ $? != 0 ] ; then\n    # print error to STDERR\n    echo \"error: The sandbox is not in sync with the Podfile.lock. Run 'pod install' or update your CocoaPods installation.\" >&2\n    exit 1\nfi\n# This output is used by Xcode 'outputs' to avoid re-running this script phase.\necho \"SUCCESS\" > \"${SCRIPT_OUTPUT_FILE_0}\"\n";
			showEnvVarsInLog = 0;
		};
		93CEC636AAB9917C8ED07262 /* [CP] Embed Pods Frameworks */ = {
			isa = PBXShellScriptBuildPhase;
			buildActionMask = 2147483647;
			files = (
			);
			inputFileListPaths = (
				"${PODS_ROOT}/Target Support Files/Pods-Mahamy|مهامي/Pods-Mahamy|مهامي-frameworks-${CONFIGURATION}-input-files.xcfilelist",
			);
			name = "[CP] Embed Pods Frameworks";
			outputFileListPaths = (
				"${PODS_ROOT}/Target Support Files/Pods-Mahamy|مهامي/Pods-Mahamy|مهامي-frameworks-${CONFIGURATION}-output-files.xcfilelist",
			);
			runOnlyForDeploymentPostprocessing = 0;
			shellPath = /bin/sh;
			shellScript = "\"${PODS_ROOT}/Target Support Files/Pods-Mahamy|مهامي/Pods-Mahamy|مهامي-frameworks.sh\"\n";
			showEnvVarsInLog = 0;
		};
/* End PBXShellScriptBuildPhase section */

/* Begin PBXSourcesBuildPhase section */
		BABE4F8D2791CA7A00987E23 /* Sources */ = {
			isa = PBXSourcesBuildPhase;
			buildActionMask = 2147483647;
			files = (
				BABE4FB22791EEA600987E23 /* MahamyDetailsVC.swift in Sources */,
				BABE4FAA2791CB7C00987E23 /* MahamyCell.swift in Sources */,
				BABE4F992791CA7A00987E23 /* HomeMahamyVC.swift in Sources */,
				BABE4F952791CA7A00987E23 /* AppDelegate.swift in Sources */,
				BABE4FAD2791E81100987E23 /* MahamyModel.swift in Sources */,
				BABE4F972791CA7A00987E23 /* SceneDelegate.swift in Sources */,
				BAB86FE8279F21DF00C2B1D0 /* MahamyStorage.swift in Sources */,
				BA2C323C279D6EF20049B676 /* MahamyModel.xcdatamodeld in Sources */,
				BABE4FB42792274C00987E23 /* NewMahamyVC.swift in Sources */,
			);
			runOnlyForDeploymentPostprocessing = 0;
		};
/* End PBXSourcesBuildPhase section */

/* Begin PBXVariantGroup section */
		BABE4F9A2791CA7A00987E23 /* Main.storyboard */ = {
			isa = PBXVariantGroup;
			children = (
				BABE4F9B2791CA7A00987E23 /* Base */,
			);
			name = Main.storyboard;
			sourceTree = "<group>";
		};
		BABE4F9F2791CA7B00987E23 /* LaunchScreen.storyboard */ = {
			isa = PBXVariantGroup;
			children = (
				BABE4FA02791CA7B00987E23 /* Base */,
			);
			name = LaunchScreen.storyboard;
			sourceTree = "<group>";
		};
/* End PBXVariantGroup section */

/* Begin XCBuildConfiguration section */
		BABE4FA32791CA7B00987E23 /* Debug */ = {
			isa = XCBuildConfiguration;
			buildSettings = {
				ALWAYS_SEARCH_USER_PATHS = NO;
				CLANG_ANALYZER_NONNULL = YES;
				CLANG_ANALYZER_NUMBER_OBJECT_CONVERSION = YES_AGGRESSIVE;
				CLANG_CXX_LANGUAGE_STANDARD = "gnu++14";
				CLANG_CXX_LIBRARY = "libc++";
				CLANG_ENABLE_MODULES = YES;
				CLANG_ENABLE_OBJC_ARC = YES;
				CLANG_ENABLE_OBJC_WEAK = YES;
				CLANG_WARN_BLOCK_CAPTURE_AUTORELEASING = YES;
				CLANG_WARN_BOOL_CONVERSION = YES;
				CLANG_WARN_COMMA = YES;
				CLANG_WARN_CONSTANT_CONVERSION = YES;
				CLANG_WARN_DEPRECATED_OBJC_IMPLEMENTATIONS = YES;
				CLANG_WARN_DIRECT_OBJC_ISA_USAGE = YES_ERROR;
				CLANG_WARN_DOCUMENTATION_COMMENTS = YES;
				CLANG_WARN_EMPTY_BODY = YES;
				CLANG_WARN_ENUM_CONVERSION = YES;
				CLANG_WARN_INFINITE_RECURSION = YES;
				CLANG_WARN_INT_CONVERSION = YES;
				CLANG_WARN_NON_LITERAL_NULL_CONVERSION = YES;
				CLANG_WARN_OBJC_IMPLICIT_RETAIN_SELF = YES;
				CLANG_WARN_OBJC_LITERAL_CONVERSION = YES;
				CLANG_WARN_OBJC_ROOT_CLASS = YES_ERROR;
				CLANG_WARN_RANGE_LOOP_ANALYSIS = YES;
				CLANG_WARN_STRICT_PROTOTYPES = YES;
				CLANG_WARN_SUSPICIOUS_MOVE = YES;
				CLANG_WARN_UNGUARDED_AVAILABILITY = YES_AGGRESSIVE;
				CLANG_WARN_UNREACHABLE_CODE = YES;
				CLANG_WARN__DUPLICATE_METHOD_MATCH = YES;
				COPY_PHASE_STRIP = NO;
				DEBUG_INFORMATION_FORMAT = dwarf;
				ENABLE_STRICT_OBJC_MSGSEND = YES;
				ENABLE_TESTABILITY = YES;
				GCC_C_LANGUAGE_STANDARD = gnu11;
				GCC_DYNAMIC_NO_PIC = NO;
				GCC_NO_COMMON_BLOCKS = YES;
				GCC_OPTIMIZATION_LEVEL = 0;
				GCC_PREPROCESSOR_DEFINITIONS = (
					"DEBUG=1",
					"$(inherited)",
				);
				GCC_WARN_64_TO_32_BIT_CONVERSION = YES;
				GCC_WARN_ABOUT_RETURN_TYPE = YES_ERROR;
				GCC_WARN_UNDECLARED_SELECTOR = YES;
				GCC_WARN_UNINITIALIZED_AUTOS = YES_AGGRESSIVE;
				GCC_WARN_UNUSED_FUNCTION = YES;
				GCC_WARN_UNUSED_VARIABLE = YES;
				IPHONEOS_DEPLOYMENT_TARGET = 13.2;
				MTL_ENABLE_DEBUG_INFO = INCLUDE_SOURCE;
				MTL_FAST_MATH = YES;
				ONLY_ACTIVE_ARCH = YES;
				SDKROOT = iphoneos;
				SWIFT_ACTIVE_COMPILATION_CONDITIONS = DEBUG;
				SWIFT_OPTIMIZATION_LEVEL = "-Onone";
			};
			name = Debug;
		};
		BABE4FA42791CA7B00987E23 /* Release */ = {
			isa = XCBuildConfiguration;
			buildSettings = {
				ALWAYS_SEARCH_USER_PATHS = NO;
				CLANG_ANALYZER_NONNULL = YES;
				CLANG_ANALYZER_NUMBER_OBJECT_CONVERSION = YES_AGGRESSIVE;
				CLANG_CXX_LANGUAGE_STANDARD = "gnu++14";
				CLANG_CXX_LIBRARY = "libc++";
				CLANG_ENABLE_MODULES = YES;
				CLANG_ENABLE_OBJC_ARC = YES;
				CLANG_ENABLE_OBJC_WEAK = YES;
				CLANG_WARN_BLOCK_CAPTURE_AUTORELEASING = YES;
				CLANG_WARN_BOOL_CONVERSION = YES;
				CLANG_WARN_COMMA = YES;
				CLANG_WARN_CONSTANT_CONVERSION = YES;
				CLANG_WARN_DEPRECATED_OBJC_IMPLEMENTATIONS = YES;
				CLANG_WARN_DIRECT_OBJC_ISA_USAGE = YES_ERROR;
				CLANG_WARN_DOCUMENTATION_COMMENTS = YES;
				CLANG_WARN_EMPTY_BODY = YES;
				CLANG_WARN_ENUM_CONVERSION = YES;
				CLANG_WARN_INFINITE_RECURSION = YES;
				CLANG_WARN_INT_CONVERSION = YES;
				CLANG_WARN_NON_LITERAL_NULL_CONVERSION = YES;
				CLANG_WARN_OBJC_IMPLICIT_RETAIN_SELF = YES;
				CLANG_WARN_OBJC_LITERAL_CONVERSION = YES;
				CLANG_WARN_OBJC_ROOT_CLASS = YES_ERROR;
				CLANG_WARN_RANGE_LOOP_ANALYSIS = YES;
				CLANG_WARN_STRICT_PROTOTYPES = YES;
				CLANG_WARN_SUSPICIOUS_MOVE = YES;
				CLANG_WARN_UNGUARDED_AVAILABILITY = YES_AGGRESSIVE;
				CLANG_WARN_UNREACHABLE_CODE = YES;
				CLANG_WARN__DUPLICATE_METHOD_MATCH = YES;
				COPY_PHASE_STRIP = NO;
				DEBUG_INFORMATION_FORMAT = "dwarf-with-dsym";
				ENABLE_NS_ASSERTIONS = NO;
				ENABLE_STRICT_OBJC_MSGSEND = YES;
				GCC_C_LANGUAGE_STANDARD = gnu11;
				GCC_NO_COMMON_BLOCKS = YES;
				GCC_WARN_64_TO_32_BIT_CONVERSION = YES;
				GCC_WARN_ABOUT_RETURN_TYPE = YES_ERROR;
				GCC_WARN_UNDECLARED_SELECTOR = YES;
				GCC_WARN_UNINITIALIZED_AUTOS = YES_AGGRESSIVE;
				GCC_WARN_UNUSED_FUNCTION = YES;
				GCC_WARN_UNUSED_VARIABLE = YES;
				IPHONEOS_DEPLOYMENT_TARGET = 13.2;
				MTL_ENABLE_DEBUG_INFO = NO;
				MTL_FAST_MATH = YES;
				SDKROOT = iphoneos;
				SWIFT_COMPILATION_MODE = wholemodule;
				SWIFT_OPTIMIZATION_LEVEL = "-O";
				VALIDATE_PRODUCT = YES;
			};
			name = Release;
		};
		BABE4FA62791CA7B00987E23 /* Debug */ = {
			isa = XCBuildConfiguration;
			baseConfigurationReference = AC6A5BF218D470AB7E681029 /* Pods-Mahamy|مهامي.debug.xcconfig */;
			buildSettings = {
				ASSETCATALOG_COMPILER_APPICON_NAME = AppIcon;
				CODE_SIGN_STYLE = Automatic;
				DEVELOPMENT_TEAM = LC63953P8C;
				INFOPLIST_FILE = "Mahamy|مهامي/Info.plist";
				LD_RUNPATH_SEARCH_PATHS = (
					"$(inherited)",
					"@executable_path/Frameworks",
				);
				PRODUCT_BUNDLE_IDENTIFIER = "as.Mahamy------";
				PRODUCT_NAME = "$(TARGET_NAME)";
				SWIFT_VERSION = 5.0;
				TARGETED_DEVICE_FAMILY = "1,2";
			};
			name = Debug;
		};
		BABE4FA72791CA7B00987E23 /* Release */ = {
			isa = XCBuildConfiguration;
			baseConfigurationReference = 61D95D10730D0C0FF87E6057 /* Pods-Mahamy|مهامي.release.xcconfig */;
			buildSettings = {
				ASSETCATALOG_COMPILER_APPICON_NAME = AppIcon;
				CODE_SIGN_STYLE = Automatic;
				DEVELOPMENT_TEAM = LC63953P8C;
				INFOPLIST_FILE = "Mahamy|مهامي/Info.plist";
				LD_RUNPATH_SEARCH_PATHS = (
					"$(inherited)",
					"@executable_path/Frameworks",
				);
				PRODUCT_BUNDLE_IDENTIFIER = "as.Mahamy------";
				PRODUCT_NAME = "$(TARGET_NAME)";
				SWIFT_VERSION = 5.0;
				TARGETED_DEVICE_FAMILY = "1,2";
			};
			name = Release;
		};
/* End XCBuildConfiguration section */

/* Begin XCConfigurationList section */
		BABE4F8C2791CA7A00987E23 /* Build configuration list for PBXProject "Mahamy|مهامي" */ = {
			isa = XCConfigurationList;
			buildConfigurations = (
				BABE4FA32791CA7B00987E23 /* Debug */,
				BABE4FA42791CA7B00987E23 /* Release */,
			);
			defaultConfigurationIsVisible = 0;
			defaultConfigurationName = Release;
		};
		BABE4FA52791CA7B00987E23 /* Build configuration list for PBXNativeTarget "Mahamy|مهامي" */ = {
			isa = XCConfigurationList;
			buildConfigurations = (
				BABE4FA62791CA7B00987E23 /* Debug */,
				BABE4FA72791CA7B00987E23 /* Release */,
			);
			defaultConfigurationIsVisible = 0;
			defaultConfigurationName = Release;
		};
/* End XCConfigurationList section */

/* Begin XCVersionGroup section */
		BA2C323A279D6EF20049B676 /* MahamyModel.xcdatamodeld */ = {
			isa = XCVersionGroup;
			children = (
				BA2C323B279D6EF20049B676 /* MahamyModel.xcdatamodel */,
			);
			currentVersion = BA2C323B279D6EF20049B676 /* MahamyModel.xcdatamodel */;
			path = MahamyModel.xcdatamodeld;
			sourceTree = "<group>";
			versionGroupType = wrapper.xcdatamodel;
		};
/* End XCVersionGroup section */
	};
	rootObject = BABE4F892791CA7A00987E23 /* Project object */;
}
